
Microsoft Visual Studio Solution File, Format Version 12.00
# Visual Studio Version 16
VisualStudioVersion = 25.0.1706.1
MinimumVisualStudioVersion = 10.0.40219.1
Project("{FAE04EC0-301F-11D3-BF4B-00C04F79EFBC}") = "MyCarReviewMVC", "MyCarReviewMVC\MyCarReviewMVC.csproj", "{8EAF2218-1626-4EA0-9F04-8B38ACF31B9B}"
EndProject
Global
	GlobalSection(SolutionConfigurationPlatforms) = preSolution
		Debug|Any CPU = Debug|Any CPU
		Release|Any CPU = Release|Any CPU
	EndGlobalSection
	GlobalSection(ProjectConfigurationPlatforms) = postSolution
		{8EAF2218-1626-4EA0-9F04-8B38ACF31B9B}.Debug|Any CPU.ActiveCfg = Debug|Any CPU
		{8EAF2218-1626-4EA0-9F04-8B38ACF31B9B}.Debug|Any CPU.Build.0 = Debug|Any CPU
		{8EAF2218-1626-4EA0-9F04-8B38ACF31B9B}.Release|Any CPU.ActiveCfg = Release|Any CPU
		{8EAF2218-1626-4EA0-9F04-8B38ACF31B9B}.Release|Any CPU.Build.0 = Release|Any CPU
	EndGlobalSection
	GlobalSection(SolutionProperties) = preSolution
		HideSolutionNode = FALSE
	EndGlobalSection
	GlobalSection(ExtensibilityGlobals) = postSolution
		SolutionGuid = {D9F9D00F-72DA-46C3-A95E-36DE325A5F91}
	EndGlobalSection
EndGlobal
